// !$*UTF8*$!
{
	archiveVersion = 1;
	classes = {
	};
	objectVersion = 46;
	objects = {

/* Begin PBXBuildFile section */
		1FE8EE581A9E92B9004A49F9 /* AppDelegate.swift in Sources */ = {isa = PBXBuildFile; fileRef = 1FE8EE571A9E92B9004A49F9 /* AppDelegate.swift */; };
		1FE8EE5A1A9E92B9004A49F9 /* MasterViewController.swift in Sources */ = {isa = PBXBuildFile; fileRef = 1FE8EE591A9E92B9004A49F9 /* MasterViewController.swift */; };
		1FE8EE5C1A9E92B9004A49F9 /* DetailViewController.swift in Sources */ = {isa = PBXBuildFile; fileRef = 1FE8EE5B1A9E92B9004A49F9 /* DetailViewController.swift */; };
		1FE8EE5F1A9E92B9004A49F9 /* Experiments.storyboard in Resources */ = {isa = PBXBuildFile; fileRef = 1FE8EE5D1A9E92B9004A49F9 /* Experiments.storyboard */; };
		1FE8EE611A9E92B9004A49F9 /* Images.xcassets in Resources */ = {isa = PBXBuildFile; fileRef = 1FE8EE601A9E92B9004A49F9 /* Images.xcassets */; };
		1FE8EE641A9E92B9004A49F9 /* LaunchScreen.xib in Resources */ = {isa = PBXBuildFile; fileRef = 1FE8EE621A9E92B9004A49F9 /* LaunchScreen.xib */; };
		1FE8EE701A9E92B9004A49F9 /* FieldNoteBookTests.swift in Sources */ = {isa = PBXBuildFile; fileRef = 1FE8EE6F1A9E92B9004A49F9 /* FieldNoteBookTests.swift */; };
		1FE8EE7A1A9E946A004A49F9 /* Observations.storyboard in Resources */ = {isa = PBXBuildFile; fileRef = 1FE8EE791A9E946A004A49F9 /* Observations.storyboard */; };
		1FE8EE7C1A9E948C004A49F9 /* Design.storyboard in Resources */ = {isa = PBXBuildFile; fileRef = 1FE8EE7B1A9E948C004A49F9 /* Design.storyboard */; };
		1FE8EE7E1A9E949C004A49F9 /* Conclusion.storyboard in Resources */ = {isa = PBXBuildFile; fileRef = 1FE8EE7D1A9E949C004A49F9 /* Conclusion.storyboard */; };
		919CEEFA1A9E988B00A4D53B /* Experiment.swift in Sources */ = {isa = PBXBuildFile; fileRef = 919CEEF91A9E988B00A4D53B /* Experiment.swift */; };
		919CEEFC1A9E9B2100A4D53B /* Observation.swift in Sources */ = {isa = PBXBuildFile; fileRef = 919CEEFB1A9E9B2100A4D53B /* Observation.swift */; };
		919CEEFE1A9E9CBD00A4D53B /* Field.swift in Sources */ = {isa = PBXBuildFile; fileRef = 919CEEFD1A9E9CBD00A4D53B /* Field.swift */; };
/* End PBXBuildFile section */

/* Begin PBXContainerItemProxy section */
		1FE8EE6A1A9E92B9004A49F9 /* PBXContainerItemProxy */ = {
			isa = PBXContainerItemProxy;
			containerPortal = 1FE8EE4A1A9E92B9004A49F9 /* Project object */;
			proxyType = 1;
			remoteGlobalIDString = 1FE8EE511A9E92B9004A49F9;
			remoteInfo = FieldNoteBook;
		};
/* End PBXContainerItemProxy section */

/* Begin PBXFileReference section */
		1FE8EE521A9E92B9004A49F9 /* FieldNoteBook.app */ = {isa = PBXFileReference; explicitFileType = wrapper.application; includeInIndex = 0; path = FieldNoteBook.app; sourceTree = BUILT_PRODUCTS_DIR; };
		1FE8EE561A9E92B9004A49F9 /* Info.plist */ = {isa = PBXFileReference; lastKnownFileType = text.plist.xml; path = Info.plist; sourceTree = "<group>"; };
		1FE8EE571A9E92B9004A49F9 /* AppDelegate.swift */ = {isa = PBXFileReference; lastKnownFileType = sourcecode.swift; path = AppDelegate.swift; sourceTree = "<group>"; };
		1FE8EE591A9E92B9004A49F9 /* MasterViewController.swift */ = {isa = PBXFileReference; lastKnownFileType = sourcecode.swift; path = MasterViewController.swift; sourceTree = "<group>"; };
		1FE8EE5B1A9E92B9004A49F9 /* DetailViewController.swift */ = {isa = PBXFileReference; lastKnownFileType = sourcecode.swift; path = DetailViewController.swift; sourceTree = "<group>"; };
		1FE8EE5E1A9E92B9004A49F9 /* Base */ = {isa = PBXFileReference; lastKnownFileType = file.storyboard; name = Base; path = Base.lproj/Experiments.storyboard; sourceTree = "<group>"; };
		1FE8EE601A9E92B9004A49F9 /* Images.xcassets */ = {isa = PBXFileReference; lastKnownFileType = folder.assetcatalog; path = Images.xcassets; sourceTree = "<group>"; };
		1FE8EE631A9E92B9004A49F9 /* Base */ = {isa = PBXFileReference; lastKnownFileType = file.xib; name = Base; path = Base.lproj/LaunchScreen.xib; sourceTree = "<group>"; };
		1FE8EE691A9E92B9004A49F9 /* FieldNoteBookTests.xctest */ = {isa = PBXFileReference; explicitFileType = wrapper.cfbundle; includeInIndex = 0; path = FieldNoteBookTests.xctest; sourceTree = BUILT_PRODUCTS_DIR; };
		1FE8EE6E1A9E92B9004A49F9 /* Info.plist */ = {isa = PBXFileReference; lastKnownFileType = text.plist.xml; path = Info.plist; sourceTree = "<group>"; };
		1FE8EE6F1A9E92B9004A49F9 /* FieldNoteBookTests.swift */ = {isa = PBXFileReference; lastKnownFileType = sourcecode.swift; path = FieldNoteBookTests.swift; sourceTree = "<group>"; };
		1FE8EE791A9E946A004A49F9 /* Observations.storyboard */ = {isa = PBXFileReference; fileEncoding = 4; lastKnownFileType = file.storyboard; path = Observations.storyboard; sourceTree = "<group>"; };
		1FE8EE7B1A9E948C004A49F9 /* Design.storyboard */ = {isa = PBXFileReference; fileEncoding = 4; lastKnownFileType = file.storyboard; path = Design.storyboard; sourceTree = "<group>"; };
		1FE8EE7D1A9E949C004A49F9 /* Conclusion.storyboard */ = {isa = PBXFileReference; fileEncoding = 4; lastKnownFileType = file.storyboard; path = Conclusion.storyboard; sourceTree = "<group>"; };
		919CEEF91A9E988B00A4D53B /* Experiment.swift */ = {isa = PBXFileReference; fileEncoding = 4; lastKnownFileType = sourcecode.swift; path = Experiment.swift; sourceTree = "<group>"; };
		919CEEFB1A9E9B2100A4D53B /* Observation.swift */ = {isa = PBXFileReference; fileEncoding = 4; lastKnownFileType = sourcecode.swift; path = Observation.swift; sourceTree = "<group>"; };
		919CEEFD1A9E9CBD00A4D53B /* Field.swift */ = {isa = PBXFileReference; fileEncoding = 4; lastKnownFileType = sourcecode.swift; path = Field.swift; sourceTree = "<group>"; };
/* End PBXFileReference section */

/* Begin PBXFrameworksBuildPhase section */
		1FE8EE4F1A9E92B9004A49F9 /* Frameworks */ = {
			isa = PBXFrameworksBuildPhase;
			buildActionMask = 2147483647;
			files = (
			);
			runOnlyForDeploymentPostprocessing = 0;
		};
		1FE8EE661A9E92B9004A49F9 /* Frameworks */ = {
			isa = PBXFrameworksBuildPhase;
			buildActionMask = 2147483647;
			files = (
			);
			runOnlyForDeploymentPostprocessing = 0;
		};
/* End PBXFrameworksBuildPhase section */

/* Begin PBXGroup section */
		1FE8EE491A9E92B9004A49F9 = {
			isa = PBXGroup;
			children = (
				1FE8EE541A9E92B9004A49F9 /* FieldNoteBook */,
				1FE8EE6C1A9E92B9004A49F9 /* FieldNoteBookTests */,
				1FE8EE531A9E92B9004A49F9 /* Products */,
			);
			sourceTree = "<group>";
		};
		1FE8EE531A9E92B9004A49F9 /* Products */ = {
			isa = PBXGroup;
			children = (
				1FE8EE521A9E92B9004A49F9 /* FieldNoteBook.app */,
				1FE8EE691A9E92B9004A49F9 /* FieldNoteBookTests.xctest */,
			);
			name = Products;
			sourceTree = "<group>";
		};
		1FE8EE541A9E92B9004A49F9 /* FieldNoteBook */ = {
			isa = PBXGroup;
			children = (
				1FE8EE571A9E92B9004A49F9 /* AppDelegate.swift */,
				1FE8EE591A9E92B9004A49F9 /* MasterViewController.swift */,
				1FE8EE5B1A9E92B9004A49F9 /* DetailViewController.swift */,
				1FE8EE5D1A9E92B9004A49F9 /* Experiments.storyboard */,
				1FE8EE601A9E92B9004A49F9 /* Images.xcassets */,
				1FE8EE621A9E92B9004A49F9 /* LaunchScreen.xib */,
				1FE8EE551A9E92B9004A49F9 /* Supporting Files */,
				1FE8EE791A9E946A004A49F9 /* Observations.storyboard */,
				1FE8EE7B1A9E948C004A49F9 /* Design.storyboard */,
				1FE8EE7D1A9E949C004A49F9 /* Conclusion.storyboard */,
				919CEEF91A9E988B00A4D53B /* Experiment.swift */,
				919CEEFB1A9E9B2100A4D53B /* Observation.swift */,
				919CEEFD1A9E9CBD00A4D53B /* Field.swift */,
			);
			path = FieldNoteBook;
			sourceTree = "<group>";
		};
		1FE8EE551A9E92B9004A49F9 /* Supporting Files */ = {
			isa = PBXGroup;
			children = (
				1FE8EE561A9E92B9004A49F9 /* Info.plist */,
			);
			name = "Supporting Files";
			sourceTree = "<group>";
		};
		1FE8EE6C1A9E92B9004A49F9 /* FieldNoteBookTests */ = {
			isa = PBXGroup;
			children = (
				1FE8EE6F1A9E92B9004A49F9 /* FieldNoteBookTests.swift */,
				1FE8EE6D1A9E92B9004A49F9 /* Supporting Files */,
			);
			path = FieldNoteBookTests;
			sourceTree = "<group>";
		};
		1FE8EE6D1A9E92B9004A49F9 /* Supporting Files */ = {
			isa = PBXGroup;
			children = (
				1FE8EE6E1A9E92B9004A49F9 /* Info.plist */,
			);
			name = "Supporting Files";
			sourceTree = "<group>";
		};
/* End PBXGroup section */

/* Begin PBXNativeTarget section */
		1FE8EE511A9E92B9004A49F9 /* FieldNoteBook */ = {
			isa = PBXNativeTarget;
			buildConfigurationList = 1FE8EE731A9E92B9004A49F9 /* Build configuration list for PBXNativeTarget "FieldNoteBook" */;
			buildPhases = (
				1FE8EE4E1A9E92B9004A49F9 /* Sources */,
				1FE8EE4F1A9E92B9004A49F9 /* Frameworks */,
				1FE8EE501A9E92B9004A49F9 /* Resources */,
			);
			buildRules = (
			);
			dependencies = (
			);
			name = FieldNoteBook;
			productName = FieldNoteBook;
			productReference = 1FE8EE521A9E92B9004A49F9 /* FieldNoteBook.app */;
			productType = "com.apple.product-type.application";
		};
		1FE8EE681A9E92B9004A49F9 /* FieldNoteBookTests */ = {
			isa = PBXNativeTarget;
			buildConfigurationList = 1FE8EE761A9E92B9004A49F9 /* Build configuration list for PBXNativeTarget "FieldNoteBookTests" */;
			buildPhases = (
				1FE8EE651A9E92B9004A49F9 /* Sources */,
				1FE8EE661A9E92B9004A49F9 /* Frameworks */,
				1FE8EE671A9E92B9004A49F9 /* Resources */,
			);
			buildRules = (
			);
			dependencies = (
				1FE8EE6B1A9E92B9004A49F9 /* PBXTargetDependency */,
			);
			name = FieldNoteBookTests;
			productName = FieldNoteBookTests;
			productReference = 1FE8EE691A9E92B9004A49F9 /* FieldNoteBookTests.xctest */;
			productType = "com.apple.product-type.bundle.unit-test";
		};
/* End PBXNativeTarget section */

/* Begin PBXProject section */
		1FE8EE4A1A9E92B9004A49F9 /* Project object */ = {
			isa = PBXProject;
			attributes = {
				LastUpgradeCheck = 0610;
				ORGANIZATIONNAME = Dius;
				TargetAttributes = {
					1FE8EE511A9E92B9004A49F9 = {
						CreatedOnToolsVersion = 6.1.1;
					};
					1FE8EE681A9E92B9004A49F9 = {
						CreatedOnToolsVersion = 6.1.1;
						TestTargetID = 1FE8EE511A9E92B9004A49F9;
					};
				};
			};
			buildConfigurationList = 1FE8EE4D1A9E92B9004A49F9 /* Build configuration list for PBXProject "FieldNoteBook" */;
			compatibilityVersion = "Xcode 3.2";
			developmentRegion = English;
			hasScannedForEncodings = 0;
			knownRegions = (
				en,
				Base,
			);
			mainGroup = 1FE8EE491A9E92B9004A49F9;
			productRefGroup = 1FE8EE531A9E92B9004A49F9 /* Products */;
			projectDirPath = "";
			projectRoot = "";
			targets = (
				1FE8EE511A9E92B9004A49F9 /* FieldNoteBook */,
				1FE8EE681A9E92B9004A49F9 /* FieldNoteBookTests */,
			);
		};
/* End PBXProject section */

/* Begin PBXResourcesBuildPhase section */
		1FE8EE501A9E92B9004A49F9 /* Resources */ = {
			isa = PBXResourcesBuildPhase;
			buildActionMask = 2147483647;
			files = (
				1FE8EE5F1A9E92B9004A49F9 /* Experiments.storyboard in Resources */,
				1FE8EE7E1A9E949C004A49F9 /* Conclusion.storyboard in Resources */,
				1FE8EE7A1A9E946A004A49F9 /* Observations.storyboard in Resources */,
				1FE8EE641A9E92B9004A49F9 /* LaunchScreen.xib in Resources */,
				1FE8EE611A9E92B9004A49F9 /* Images.xcassets in Resources */,
				1FE8EE7C1A9E948C004A49F9 /* Design.storyboard in Resources */,
			);
			runOnlyForDeploymentPostprocessing = 0;
		};
		1FE8EE671A9E92B9004A49F9 /* Resources */ = {
			isa = PBXResourcesBuildPhase;
			buildActionMask = 2147483647;
			files = (
			);
			runOnlyForDeploymentPostprocessing = 0;
		};
/* End PBXResourcesBuildPhase section */

/* Begin PBXSourcesBuildPhase section */
		1FE8EE4E1A9E92B9004A49F9 /* Sources */ = {
			isa = PBXSourcesBuildPhase;
			buildActionMask = 2147483647;
			files = (
				919CEEFA1A9E988B00A4D53B /* Experiment.swift in Sources */,
				1FE8EE5C1A9E92B9004A49F9 /* DetailViewController.swift in Sources */,
				919CEEFE1A9E9CBD00A4D53B /* Field.swift in Sources */,
				1FE8EE5A1A9E92B9004A49F9 /* MasterViewController.swift in Sources */,
				1FE8EE581A9E92B9004A49F9 /* AppDelegate.swift in Sources */,
				919CEEFC1A9E9B2100A4D53B /* Observation.swift in Sources */,
			);
			runOnlyForDeploymentPostprocessing = 0;
		};
		1FE8EE651A9E92B9004A49F9 /* Sources */ = {
			isa = PBXSourcesBuildPhase;
			buildActionMask = 2147483647;
			files = (
				1FE8EE701A9E92B9004A49F9 /* FieldNoteBookTests.swift in Sources */,
			);
			runOnlyForDeploymentPostprocessing = 0;
		};
/* End PBXSourcesBuildPhase section */

/* Begin PBXTargetDependency section */
		1FE8EE6B1A9E92B9004A49F9 /* PBXTargetDependency */ = {
			isa = PBXTargetDependency;
			target = 1FE8EE511A9E92B9004A49F9 /* FieldNoteBook */;
			targetProxy = 1FE8EE6A1A9E92B9004A49F9 /* PBXContainerItemProxy */;
		};
/* End PBXTargetDependency section */

/* Begin PBXVariantGroup section */
		1FE8EE5D1A9E92B9004A49F9 /* Experiments.storyboard */ = {
			isa = PBXVariantGroup;
			children = (
				1FE8EE5E1A9E92B9004A49F9 /* Base */,
			);
			name = Experiments.storyboard;
			sourceTree = "<group>";
		};
		1FE8EE621A9E92B9004A49F9 /* LaunchScreen.xib */ = {
			isa = PBXVariantGroup;
			children = (
				1FE8EE631A9E92B9004A49F9 /* Base */,
			);
			name = LaunchScreen.xib;
			sourceTree = "<group>";
		};
/* End PBXVariantGroup section */

/* Begin XCBuildConfiguration section */
		1FE8EE711A9E92B9004A49F9 /* Debug */ = {
			isa = XCBuildConfiguration;
			buildSettings = {
				ALWAYS_SEARCH_USER_PATHS = NO;
				CLANG_CXX_LANGUAGE_STANDARD = "gnu++0x";
				CLANG_CXX_LIBRARY = "libc++";
				CLANG_ENABLE_MODULES = YES;
				CLANG_ENABLE_OBJC_ARC = YES;
				CLANG_WARN_BOOL_CONVERSION = YES;
				CLANG_WARN_CONSTANT_CONVERSION = YES;
				CLANG_WARN_DIRECT_OBJC_ISA_USAGE = YES_ERROR;
				CLANG_WARN_EMPTY_BODY = YES;
				CLANG_WARN_ENUM_CONVERSION = YES;
				CLANG_WARN_INT_CONVERSION = YES;
				CLANG_WARN_OBJC_ROOT_CLASS = YES_ERROR;
				CLANG_WARN_UNREACHABLE_CODE = YES;
				CLANG_WARN__DUPLICATE_METHOD_MATCH = YES;
				"CODE_SIGN_IDENTITY[sdk=iphoneos*]" = "iPhone Developer";
				COPY_PHASE_STRIP = NO;
				ENABLE_STRICT_OBJC_MSGSEND = YES;
				GCC_C_LANGUAGE_STANDARD = gnu99;
				GCC_DYNAMIC_NO_PIC = NO;
				GCC_OPTIMIZATION_LEVEL = 0;
				GCC_PREPROCESSOR_DEFINITIONS = (
					"DEBUG=1",
					"$(inherited)",
				);
				GCC_SYMBOLS_PRIVATE_EXTERN = NO;
				GCC_WARN_64_TO_32_BIT_CONVERSION = YES;
				GCC_WARN_ABOUT_RETURN_TYPE = YES_ERROR;
				GCC_WARN_UNDECLARED_SELECTOR = YES;
				GCC_WARN_UNINITIALIZED_AUTOS = YES_AGGRESSIVE;
				GCC_WARN_UNUSED_FUNCTION = YES;
				GCC_WARN_UNUSED_VARIABLE = YES;
				IPHONEOS_DEPLOYMENT_TARGET = 8.1;
				MTL_ENABLE_DEBUG_INFO = YES;
				ONLY_ACTIVE_ARCH = YES;
				SDKROOT = iphoneos;
				SWIFT_OPTIMIZATION_LEVEL = "-Onone";
				TARGETED_DEVICE_FAMILY = 2;
			};
			name = Debug;
		};
		1FE8EE721A9E92B9004A49F9 /* Release */ = {
			isa = XCBuildConfiguration;
			buildSettings = {
				ALWAYS_SEARCH_USER_PATHS = NO;
				CLANG_CXX_LANGUAGE_STANDARD = "gnu++0x";
				CLANG_CXX_LIBRARY = "libc++";
				CLANG_ENABLE_MODULES = YES;
				CLANG_ENABLE_OBJC_ARC = YES;
				CLANG_WARN_BOOL_CONVERSION = YES;
				CLANG_WARN_CONSTANT_CONVERSION = YES;
				CLANG_WARN_DIRECT_OBJC_ISA_USAGE = YES_ERROR;
				CLANG_WARN_EMPTY_BODY = YES;
				CLANG_WARN_ENUM_CONVERSION = YES;
				CLANG_WARN_INT_CONVERSION = YES;
				CLANG_WARN_OBJC_ROOT_CLASS = YES_ERROR;
				CLANG_WARN_UNREACHABLE_CODE = YES;
				CLANG_WARN__DUPLICATE_METHOD_MATCH = YES;
				"CODE_SIGN_IDENTITY[sdk=iphoneos*]" = "iPhone Developer";
				COPY_PHASE_STRIP = YES;
				ENABLE_NS_ASSERTIONS = NO;
				ENABLE_STRICT_OBJC_MSGSEND = YES;
				GCC_C_LANGUAGE_STANDARD = gnu99;
				GCC_WARN_64_TO_32_BIT_CONVERSION = YES;
				GCC_WARN_ABOUT_RETURN_TYPE = YES_ERROR;
				GCC_WARN_UNDECLARED_SELECTOR = YES;
				GCC_WARN_UNINITIALIZED_AUTOS = YES_AGGRESSIVE;
				GCC_WARN_UNUSED_FUNCTION = YES;
				GCC_WARN_UNUSED_VARIABLE = YES;
				IPHONEOS_DEPLOYMENT_TARGET = 8.1;
				MTL_ENABLE_DEBUG_INFO = NO;
				SDKROOT = iphoneos;
				TARGETED_DEVICE_FAMILY = 2;
				VALIDATE_PRODUCT = YES;
			};
			name = Release;
		};
		1FE8EE741A9E92B9004A49F9 /* Debug */ = {
			isa = XCBuildConfiguration;
			buildSettings = {
				ASSETCATALOG_COMPILER_APPICON_NAME = AppIcon;
				INFOPLIST_FILE = FieldNoteBook/Info.plist;
				LD_RUNPATH_SEARCH_PATHS = "$(inherited) @executable_path/Frameworks";
				PRODUCT_NAME = "$(TARGET_NAME)";
			};
			name = Debug;
		};
		1FE8EE751A9E92B9004A49F9 /* Release */ = {
			isa = XCBuildConfiguration;
			buildSettings = {
				ASSETCATALOG_COMPILER_APPICON_NAME = AppIcon;
				INFOPLIST_FILE = FieldNoteBook/Info.plist;
				LD_RUNPATH_SEARCH_PATHS = "$(inherited) @executable_path/Frameworks";
				PRODUCT_NAME = "$(TARGET_NAME)";
			};
			name = Release;
		};
		1FE8EE771A9E92B9004A49F9 /* Debug */ = {
			isa = XCBuildConfiguration;
			buildSettings = {
				BUNDLE_LOADER = "$(TEST_HOST)";
				FRAMEWORK_SEARCH_PATHS = (
					"$(SDKROOT)/Developer/Library/Frameworks",
					"$(inherited)",
				);
				GCC_PREPROCESSOR_DEFINITIONS = (
					"DEBUG=1",
					"$(inherited)",
				);
				INFOPLIST_FILE = FieldNoteBookTests/Info.plist;
				LD_RUNPATH_SEARCH_PATHS = "$(inherited) @executable_path/Frameworks @loader_path/Frameworks";
				PRODUCT_NAME = "$(TARGET_NAME)";
				TEST_HOST = "$(BUILT_PRODUCTS_DIR)/FieldNoteBook.app/FieldNoteBook";
			};
			name = Debug;
		};
		1FE8EE781A9E92B9004A49F9 /* Release */ = {
			isa = XCBuildConfiguration;
			buildSettings = {
				BUNDLE_LOADER = "$(TEST_HOST)";
				FRAMEWORK_SEARCH_PATHS = (
					"$(SDKROOT)/Developer/Library/Frameworks",
					"$(inherited)",
				);
				INFOPLIST_FILE = FieldNoteBookTests/Info.plist;
				LD_RUNPATH_SEARCH_PATHS = "$(inherited) @executable_path/Frameworks @loader_path/Frameworks";
				PRODUCT_NAME = "$(TARGET_NAME)";
				TEST_HOST = "$(BUILT_PRODUCTS_DIR)/FieldNoteBook.app/FieldNoteBook";
			};
			name = Release;
		};
/* End XCBuildConfiguration section */

/* Begin XCConfigurationList section */
		1FE8EE4D1A9E92B9004A49F9 /* Build configuration list for PBXProject "FieldNoteBook" */ = {
			isa = XCConfigurationList;
			buildConfigurations = (
				1FE8EE711A9E92B9004A49F9 /* Debug */,
				1FE8EE721A9E92B9004A49F9 /* Release */,
			);
			defaultConfigurationIsVisible = 0;
			defaultConfigurationName = Release;
		};
		1FE8EE731A9E92B9004A49F9 /* Build configuration list for PBXNativeTarget "FieldNoteBook" */ = {
			isa = XCConfigurationList;
			buildConfigurations = (
				1FE8EE741A9E92B9004A49F9 /* Debug */,
				1FE8EE751A9E92B9004A49F9 /* Release */,
			);
			defaultConfigurationIsVisible = 0;
			defaultConfigurationName = Release;
		};
		1FE8EE761A9E92B9004A49F9 /* Build configuration list for PBXNativeTarget "FieldNoteBookTests" */ = {
			isa = XCConfigurationList;
			buildConfigurations = (
				1FE8EE771A9E92B9004A49F9 /* Debug */,
				1FE8EE781A9E92B9004A49F9 /* Release */,
			);
			defaultConfigurationIsVisible = 0;
			defaultConfigurationName = Release;
		};
/* End XCConfigurationList section */
	};
	rootObject = 1FE8EE4A1A9E92B9004A49F9 /* Project object */;
}
